{
	"name": "web_lab",
	"version": "1.0.0",
	"lockfileVersion": 3,
	"requires": true,
	"packages": {
		"": {
			"name": "web_lab",
			"version": "1.0.0",
			"license": "ISC",
			"dependencies": {
				"libe-server": "^1.1.4",
				"prettier": "^3.1.0"
			}
		},
		"node_modules/libe-server": {
			"version": "1.1.4",
			"resolved": "https://registry.npmjs.org/libe-server/-/libe-server-1.1.4.tgz",
			"integrity": "sha512-IvWaxAFpoGka4B+GhI+okAwtXEKfgE4c2+3JS5VglHA9hhHVR1P5BZpInlaV27e1W6OkB2KETY/0hLfK30M1lw==",
			"bin": {
				"serve": "bin/server.js"
			}
		},
		"node_modules/prettier": {
			"version": "3.1.0",
			"resolved": "https://registry.npmjs.org/prettier/-/prettier-3.1.0.tgz",
			"integrity": "sha512-TQLvXjq5IAibjh8EpBIkNKxO749UEWABoiIZehEPiY4GNpVdhaFKqSTu+QrlU6D2dPAfubRmtJTi4K4YkQ5eXw==",
			"bin": {
				"prettier": "bin/prettier.cjs"
			},
			"engines": {
				"node": ">=14"
			},
			"funding": {
				"url": "https://github.com/prettier/prettier?sponsor=1"
			}
		}
	}
}
